
Microsoft Visual Studio Solution File, Format Version 12.00
# Visual Studio 15
VisualStudioVersion = 15.0.26228.4
MinimumVisualStudioVersion = 10.0.40219.1
Project("{FAE04EC0-301F-11D3-BF4B-00C04F79EFBC}") = "CsMarketing.LandingPage", "CsMarketing.LandingPage\CsMarketing.LandingPage.csproj", "{87A42FAE-9E6A-4712-8053-FF2195B3AAB9}"
EndProject
Global
	GlobalSection(SolutionConfigurationPlatforms) = preSolution
		Debug|Any CPU = Debug|Any CPU
		Release|Any CPU = Release|Any CPU
	EndGlobalSection
	GlobalSection(ProjectConfigurationPlatforms) = postSolution
		{87A42FAE-9E6A-4712-8053-FF2195B3AAB9}.Debug|Any CPU.ActiveCfg = Debug|Any CPU
		{87A42FAE-9E6A-4712-8053-FF2195B3AAB9}.Debug|Any CPU.Build.0 = Debug|Any CPU
		{87A42FAE-9E6A-4712-8053-FF2195B3AAB9}.Release|Any CPU.ActiveCfg = Release|Any CPU
		{87A42FAE-9E6A-4712-8053-FF2195B3AAB9}.Release|Any CPU.Build.0 = Release|Any CPU
	EndGlobalSection
	GlobalSection(SolutionProperties) = preSolution
		HideSolutionNode = FALSE
	EndGlobalSection
EndGlobal
